
Microsoft Visual Studio Solution File, Format Version 12.00
# Visual Studio 15
VisualStudioVersion = 15.0.27130.2036
MinimumVisualStudioVersion = 10.0.40219.1
Project("{8BC9CEB8-8B4A-11D0-8D11-00A0C91BC942}") = "PP06.ImageSprite", "PP06.ImageSprite\PP06.ImageSprite.vcxproj", "{8B1FA035-1158-411C-A4E5-FC4A873BE986}"
EndProject
Global
	GlobalSection(SolutionConfigurationPlatforms) = preSolution
		Debug|x64 = Debug|x64
		Debug|x86 = Debug|x86
		Release|x64 = Release|x64
		Release|x86 = Release|x86
	EndGlobalSection
	GlobalSection(ProjectConfigurationPlatforms) = postSolution
		{8B1FA035-1158-411C-A4E5-FC4A873BE986}.Debug|x64.ActiveCfg = Debug|x64
		{8B1FA035-1158-411C-A4E5-FC4A873BE986}.Debug|x64.Build.0 = Debug|x64
		{8B1FA035-1158-411C-A4E5-FC4A873BE986}.Debug|x86.ActiveCfg = Debug|Win32
		{8B1FA035-1158-411C-A4E5-FC4A873BE986}.Debug|x86.Build.0 = Debug|Win32
		{8B1FA035-1158-411C-A4E5-FC4A873BE986}.Release|x64.ActiveCfg = Release|x64
		{8B1FA035-1158-411C-A4E5-FC4A873BE986}.Release|x64.Build.0 = Release|x64
		{8B1FA035-1158-411C-A4E5-FC4A873BE986}.Release|x86.ActiveCfg = Release|Win32
		{8B1FA035-1158-411C-A4E5-FC4A873BE986}.Release|x86.Build.0 = Release|Win32
	EndGlobalSection
	GlobalSection(SolutionProperties) = preSolution
		HideSolutionNode = FALSE
	EndGlobalSection
	GlobalSection(ExtensibilityGlobals) = postSolution
		SolutionGuid = {10698C4B-046B-4FC0-91DB-4B0404C55BE1}
	EndGlobalSection
EndGlobal
